# THIS IS AN AUTOGENERATED FILE. DO NOT EDIT THIS FILE DIRECTLY.
# yarn lockfile v1


observable-air@^1.20.3:
  version "1.20.3"
  resolved "https://registry.yarnpkg.com/observable-air/-/observable-air-1.20.3.tgz#6826b68eb570054aa359df55c2fcb662494d7036"

preact@^6.4.0:
  version "6.4.0"
  resolved "https://registry.yarnpkg.com/preact/-/preact-6.4.0.tgz#1b8c99754b002639a1c33e68175eefa98a01cc14"

ramda@^0.22.1:
  version "0.22.1"
  resolved "https://registry.yarnpkg.com/ramda/-/ramda-0.22.1.tgz#031da0c3df417c5b33c96234757eb37033f36a0e"

snabbdom@^0.5.4:
  version "0.5.4"
  resolved "https://registry.yarnpkg.com/snabbdom/-/snabbdom-0.5.4.tgz#82d726fd495843d8920d54ac3ca670b7e503375e"

systemjs@^0.19.41:
  version "0.19.41"
  resolved "https://registry.yarnpkg.com/systemjs/-/systemjs-0.19.41.tgz#835d2c0f10bf403b551fedc875f84bb44a02c4eb"
  dependencies:
    when "^3.7.5"

when@^3.7.5:
  version "3.7.7"
  resolved "https://registry.yarnpkg.com/when/-/when-3.7.7.tgz#aba03fc3bb736d6c88b091d013d8a8e590d84718"
